
Microsoft Visual Studio Solution File, Format Version 12.00
# Visual Studio Version 16
VisualStudioVersion = 16.0.30523.141
MinimumVisualStudioVersion = 10.0.40219.1
Project("{9A19103F-16F7-4668-BE54-9A1E7A4F7556}") = "Backend", "Backend\Backend.csproj", "{7512BA43-A45B-4886-9CC7-118DFF52CA93}"
EndProject
Project("{9A19103F-16F7-4668-BE54-9A1E7A4F7556}") = "BackendTests", "BackendTests\BackendTests.csproj", "{779F5AF6-E4C8-4121-A86B-7A3311362FB8}"
EndProject
Project("{FAE04EC0-301F-11D3-BF4B-00C04F79EFBC}") = "Frontend", "Frontend\Frontend.csproj", "{66D864D7-3086-4F71-9B19-173DE855F3FF}"
EndProject
Global
	GlobalSection(SolutionConfigurationPlatforms) = preSolution
		Debug|Any CPU = Debug|Any CPU
		Release|Any CPU = Release|Any CPU
	EndGlobalSection
	GlobalSection(ProjectConfigurationPlatforms) = postSolution
		{7512BA43-A45B-4886-9CC7-118DFF52CA93}.Debug|Any CPU.ActiveCfg = Debug|Any CPU
		{7512BA43-A45B-4886-9CC7-118DFF52CA93}.Debug|Any CPU.Build.0 = Debug|Any CPU
		{7512BA43-A45B-4886-9CC7-118DFF52CA93}.Release|Any CPU.ActiveCfg = Release|Any CPU
		{7512BA43-A45B-4886-9CC7-118DFF52CA93}.Release|Any CPU.Build.0 = Release|Any CPU
		{779F5AF6-E4C8-4121-A86B-7A3311362FB8}.Debug|Any CPU.ActiveCfg = Debug|Any CPU
		{779F5AF6-E4C8-4121-A86B-7A3311362FB8}.Debug|Any CPU.Build.0 = Debug|Any CPU
		{779F5AF6-E4C8-4121-A86B-7A3311362FB8}.Release|Any CPU.ActiveCfg = Release|Any CPU
		{779F5AF6-E4C8-4121-A86B-7A3311362FB8}.Release|Any CPU.Build.0 = Release|Any CPU
		{66D864D7-3086-4F71-9B19-173DE855F3FF}.Debug|Any CPU.ActiveCfg = Debug|Any CPU
		{66D864D7-3086-4F71-9B19-173DE855F3FF}.Debug|Any CPU.Build.0 = Debug|Any CPU
		{66D864D7-3086-4F71-9B19-173DE855F3FF}.Release|Any CPU.ActiveCfg = Release|Any CPU
		{66D864D7-3086-4F71-9B19-173DE855F3FF}.Release|Any CPU.Build.0 = Release|Any CPU
	EndGlobalSection
	GlobalSection(SolutionProperties) = preSolution
		HideSolutionNode = FALSE
	EndGlobalSection
	GlobalSection(ExtensibilityGlobals) = postSolution
		SolutionGuid = {C19221B5-2E97-43CD-9462-F5A91D427C8A}
	EndGlobalSection
EndGlobal
